
Microsoft Visual Studio Solution File, Format Version 12.00
# Visual Studio Version 17
VisualStudioVersion = 17.4.33213.308
MinimumVisualStudioVersion = 10.0.40219.1
Project("{9A19103F-16F7-4668-BE54-9A1E7A4F7556}") = "Snake", "Snake.csproj", "{4DA5AA26-8E54-42E6-9588-6C0B9E20C41F}"
EndProject
Global
	GlobalSection(SolutionConfigurationPlatforms) = preSolution
		Debug|Any CPU = Debug|Any CPU
		Release|Any CPU = Release|Any CPU
	EndGlobalSection
	GlobalSection(ProjectConfigurationPlatforms) = postSolution
		{4DA5AA26-8E54-42E6-9588-6C0B9E20C41F}.Debug|Any CPU.ActiveCfg = Debug|Any CPU
		{4DA5AA26-8E54-42E6-9588-6C0B9E20C41F}.Debug|Any CPU.Build.0 = Debug|Any CPU
		{4DA5AA26-8E54-42E6-9588-6C0B9E20C41F}.Release|Any CPU.ActiveCfg = Release|Any CPU
		{4DA5AA26-8E54-42E6-9588-6C0B9E20C41F}.Release|Any CPU.Build.0 = Release|Any CPU
	EndGlobalSection
	GlobalSection(SolutionProperties) = preSolution
		HideSolutionNode = FALSE
	EndGlobalSection
	GlobalSection(ExtensibilityGlobals) = postSolution
		SolutionGuid = {E73CD837-C53F-4935-8E9B-6C4F5A7E6BF7}
	EndGlobalSection
EndGlobal
